{
    "symfony/console": {
        "version": "3.3",
        "recipe": {
            "repo": "github.com/symfony/recipes",
            "branch": "master",
            "version": "3.3",
            "ref": "0fa049c19069a65f52c1c181d64be3de672c1504"
        },
        "files": [
            "./bin/console",
            "./config/bootstrap.php"
        ]
    },
    "symfony/contracts": {
        "version": "1.0-dev"
    },
    "symfony/dotenv": {
        "version": "4.3-dev"
    },
    "symfony/flex": {
        "version": "1.0",
        "recipe": {
            "repo": "github.com/symfony/recipes",
            "branch": "master",
            "version": "1.0",
            "ref": "dc3fc2e0334a4137c47cfd5a3ececc601fa61a0b"
        },
        "files": [
            "./.env"
        ]
    },
    "symfony/phpunit-bridge": {
        "version": "4.1",
        "recipe": {
            "repo": "github.com/symfony/recipes",
            "branch": "master",
            "version": "4.1",
            "ref": "0e548dd90adba18fabd4ef419b14d361fe4d6c74"
        },
        "files": [
            "./.env.test",
            "./bin/phpunit",
            "./config/bootstrap.php",
            "./phpunit.xml.dist",
            "./tests/.gitignore"
        ]
    },
    "symfony/polyfill-mbstring": {
        "version": "1.11-dev"
    },
    "symfony/polyfill-php73": {
        "version": "1.11-dev"
    }
}
